
Microsoft Visual Studio Solution File, Format Version 12.00
# Visual Studio 15
VisualStudioVersion = 15.0.28010.2003
MinimumVisualStudioVersion = 10.0.40219.1
Project("{FAE04EC0-301F-11D3-BF4B-00C04F79EFBC}") = "Adventure", "Adventure\Adventure.csproj", "{99196AA7-C044-4089-A980-324CE895DC28}"
EndProject
Project("{FAE04EC0-301F-11D3-BF4B-00C04F79EFBC}") = "Engine", "Engine\Engine.csproj", "{42D54F44-4DF0-41DB-850F-A0ECACF62E97}"
EndProject
Global
	GlobalSection(SolutionConfigurationPlatforms) = preSolution
		Debug|Any CPU = Debug|Any CPU
		Release|Any CPU = Release|Any CPU
	EndGlobalSection
	GlobalSection(ProjectConfigurationPlatforms) = postSolution
		{99196AA7-C044-4089-A980-324CE895DC28}.Debug|Any CPU.ActiveCfg = Debug|Any CPU
		{99196AA7-C044-4089-A980-324CE895DC28}.Debug|Any CPU.Build.0 = Debug|Any CPU
		{99196AA7-C044-4089-A980-324CE895DC28}.Release|Any CPU.ActiveCfg = Release|Any CPU
		{99196AA7-C044-4089-A980-324CE895DC28}.Release|Any CPU.Build.0 = Release|Any CPU
		{42D54F44-4DF0-41DB-850F-A0ECACF62E97}.Debug|Any CPU.ActiveCfg = Debug|Any CPU
		{42D54F44-4DF0-41DB-850F-A0ECACF62E97}.Debug|Any CPU.Build.0 = Debug|Any CPU
		{42D54F44-4DF0-41DB-850F-A0ECACF62E97}.Release|Any CPU.ActiveCfg = Release|Any CPU
		{42D54F44-4DF0-41DB-850F-A0ECACF62E97}.Release|Any CPU.Build.0 = Release|Any CPU
	EndGlobalSection
	GlobalSection(SolutionProperties) = preSolution
		HideSolutionNode = FALSE
	EndGlobalSection
	GlobalSection(ExtensibilityGlobals) = postSolution
		SolutionGuid = {818EE5FD-9A03-4506-B375-042C448DE7C0}
	EndGlobalSection
EndGlobal
